<?xml version="1.0" encoding="utf-8"?>
<Project ToolsVersion="4.0" xmlns="http://schemas.microsoft.com/developer/msbuild/2003">
  <ItemGroup>
    <Filter Include="Source Files">
      <UniqueIdentifier>{4FC737F1-C7A5-4376-A066-2A32D752A2FF}</UniqueIdentifier>
      <Extensions>cpp;c;cc;cxx;def;odl;idl;hpj;bat;asm;asmx</Extensions>
    </Filter>
    <Filter Include="Resource Files">
      <UniqueIdentifier>{67DA6AB6-F800-4c08-8B7A-83BB121AAD01}</UniqueIdentifier>
      <Extensions>rc;ico;cur;bmp;dlg;rc2;rct;bin;rgs;gif;jpg;jpeg;jpe;resx;tiff;tif;png;wav;mfcribbon-ms</Extensions>
    </Filter>
    <Filter Include="src">
      <UniqueIdentifier>{93995380-89BD-4b04-88EB-625FBE52EBFB}</UniqueIdentifier>
      <Extensions>h;hh;hpp;hxx;hm;inl;inc;xsd</Extensions>
    </Filter>
    <Filter Include="src\CFMJ">
      <UniqueIdentifier>{3071387a-e0d0-43d6-842f-2e38a1665934}</UniqueIdentifier>
    </Filter>
    <Filter Include="src\FanXing">
      <UniqueIdentifier>{7c9ed394-38d2-4538-86b3-8a90d9629260}</UniqueIdentifier>
    </Filter>
  </ItemGroup>
  <ItemGroup>
    <ClInclude Include="src\MJRoomManager.h">
      <Filter>src</Filter>
    </ClInclude>
    <ClInclude Include="src\MJServer.h">
      <Filter>src</Filter>
    </ClInclude>
    <ClInclude Include="src\MJPrivateRoom.h">
      <Filter>src</Filter>
    </ClInclude>
    <ClInclude Include="src\CFMJPlayer.h">
      <Filter>src\CFMJ</Filter>
    </ClInclude>
    <ClInclude Include="src\CFMJPlayerCard.h">
      <Filter>src\CFMJ</Filter>
    </ClInclude>
    <ClInclude Include="src\CFMJRoom.h">
      <Filter>src\CFMJ</Filter>
    </ClInclude>
    <ClInclude Include="src\CFMJFanxingChecker.h">
      <Filter>src\FanXing</Filter>
    </ClInclude>
    <ClInclude Include="src\CFMJFanxingShuang7Dui.h">
      <Filter>src\FanXing</Filter>
    </ClInclude>
    <ClInclude Include="src\CFMJFanxing13Yao.h">
      <Filter>src\FanXing</Filter>
    </ClInclude>
  </ItemGroup>
  <ItemGroup>
    <ClCompile Include="src\main.cpp">
      <Filter>src</Filter>
    </ClCompile>
    <ClCompile Include="src\MJRoomManager.cpp">
      <Filter>src</Filter>
    </ClCompile>
    <ClCompile Include="src\MJServer.cpp">
      <Filter>src</Filter>
    </ClCompile>
    <ClCompile Include="src\MJPrivateRoom.cpp">
      <Filter>src</Filter>
    </ClCompile>
    <ClCompile Include="src\CFMJPlayer.cpp">
      <Filter>src\CFMJ</Filter>
    </ClCompile>
    <ClCompile Include="src\CFMJPlayerCard.cpp">
      <Filter>src\CFMJ</Filter>
    </ClCompile>
    <ClCompile Include="src\CFMJRoom.cpp">
      <Filter>src\CFMJ</Filter>
    </ClCompile>
  </ItemGroup>
</Project>