<?xml version="1.0" encoding="utf-8"?>
<Project ToolsVersion="4.0" xmlns="http://schemas.microsoft.com/developer/msbuild/2003">
  <ItemGroup>
    <Filter Include="src">
      <UniqueIdentifier>{93995380-89BD-4b04-88EB-625FBE52EBFB}</UniqueIdentifier>
      <Extensions>h;hh;hpp;hxx;hm;inl;inc;xsd</Extensions>
    </Filter>
    <Filter Include="src\Card">
      <UniqueIdentifier>{5df7c328-199b-4acf-8199-7f4a213977f3}</UniqueIdentifier>
    </Filter>
    <Filter Include="src\Golden">
      <UniqueIdentifier>{4d7e0261-3885-424d-b123-79cca9ee373f}</UniqueIdentifier>
    </Filter>
    <Filter Include="src\Golden\state">
      <UniqueIdentifier>{b1a36931-98d7-4dbc-90a9-e12449e271b5}</UniqueIdentifier>
    </Filter>
    <Filter Include="src\CoinRedBlack">
      <UniqueIdentifier>{ded595c8-ed13-4eac-8714-2343e3e3acff}</UniqueIdentifier>
    </Filter>
    <Filter Include="src\CoinRedBlack\state">
      <UniqueIdentifier>{944f32b2-8282-4999-b643-a92ed1f43c34}</UniqueIdentifier>
    </Filter>
  </ItemGroup>
  <ItemGroup>
    <ClCompile Include="src\main.cpp">
      <Filter>src</Filter>
    </ClCompile>
    <ClCompile Include="src\PokerServer.cpp">
      <Filter>src</Filter>
    </ClCompile>
    <ClCompile Include="src\RoomManager.cpp">
      <Filter>src</Filter>
    </ClCompile>
    <ClCompile Include="src\CardPoker.cpp">
      <Filter>src\Card</Filter>
    </ClCompile>
    <ClCompile Include="src\Golden\GoldenPeerCard.cpp">
      <Filter>src\Golden</Filter>
    </ClCompile>
    <ClCompile Include="src\Golden\GoldenPlayer.cpp">
      <Filter>src\Golden</Filter>
    </ClCompile>
    <ClCompile Include="src\GoldenPrivateRoom.cpp">
      <Filter>src\Golden</Filter>
    </ClCompile>
    <ClCompile Include="src\Golden\GoldenRoom.cpp">
      <Filter>src\Golden</Filter>
    </ClCompile>
    <ClCompile Include="src\CoinRedBlack\RedBlackRoom.cpp">
      <Filter>src\CoinRedBlack</Filter>
    </ClCompile>
    <ClCompile Include="src\CoinRedBlack\RedBlackPlayer.cpp">
      <Filter>src\CoinRedBlack</Filter>
    </ClCompile>
    <ClCompile Include="src\CoinRedBlack\RedBlackCoinRoom.cpp">
      <Filter>src\CoinRedBlack</Filter>
    </ClCompile>
  </ItemGroup>
  <ItemGroup>
    <ClInclude Include="src\PokerServer.h">
      <Filter>src</Filter>
    </ClInclude>
    <ClInclude Include="src\RoomManager.h">
      <Filter>src</Filter>
    </ClInclude>
    <ClInclude Include="src\CardPoker.h">
      <Filter>src\Card</Filter>
    </ClInclude>
    <ClInclude Include="src\IPeerCard.h">
      <Filter>src\Card</Filter>
    </ClInclude>
    <ClInclude Include="src\Golden\GoldenPeerCard.h">
      <Filter>src\Golden</Filter>
    </ClInclude>
    <ClInclude Include="src\Golden\GoldenPlayerRecorder.h">
      <Filter>src\Golden</Filter>
    </ClInclude>
    <ClInclude Include="src\Golden\GoldenPlayer.h">
      <Filter>src\Golden</Filter>
    </ClInclude>
    <ClInclude Include="src\GoldenPrivateRoom.h">
      <Filter>src\Golden</Filter>
    </ClInclude>
    <ClInclude Include="src\Golden\GoldenRoom.h">
      <Filter>src\Golden</Filter>
    </ClInclude>
    <ClInclude Include="src\Golden\GoldenRoomStateStartGame.h">
      <Filter>src\Golden\state</Filter>
    </ClInclude>
    <ClInclude Include="src\Golden\GoldenRoomStateWaitPlayerAct.h">
      <Filter>src\Golden\state</Filter>
    </ClInclude>
    <ClInclude Include="src\Golden\GoldenRoomStateDistributeCard.h">
      <Filter>src\Golden\state</Filter>
    </ClInclude>
    <ClInclude Include="src\Golden\GoldenRoomStateGameEnd.h">
      <Filter>src\Golden\state</Filter>
    </ClInclude>
    <ClInclude Include="src\Golden\GoldenDefine.h">
      <Filter>src\Golden</Filter>
    </ClInclude>
    <ClInclude Include="src\Golden\GoldenRoomStateWaitReady.h">
      <Filter>src\Golden\state</Filter>
    </ClInclude>
    <ClInclude Include="src\CoinRedBlack\RedBlackRoom.h">
      <Filter>src\CoinRedBlack</Filter>
    </ClInclude>
    <ClInclude Include="src\CoinRedBlack\RedBlackPlayer.h">
      <Filter>src\CoinRedBlack</Filter>
    </ClInclude>
    <ClInclude Include="src\CoinRedBlack\RedBlackRoomStateStartBet.h">
      <Filter>src\CoinRedBlack\state</Filter>
    </ClInclude>
    <ClInclude Include="src\CoinRedBlack\RedBlackRoomStateResult.h">
      <Filter>src\CoinRedBlack\state</Filter>
    </ClInclude>
    <ClInclude Include="src\CoinRedBlack\RedBlackCoinRoom.h">
      <Filter>src\CoinRedBlack</Filter>
    </ClInclude>
  </ItemGroup>
</Project>