<?xml version="1.0" encoding="utf-8"?>
<Project ToolsVersion="4.0" xmlns="http://schemas.microsoft.com/developer/msbuild/2003">
  <ItemGroup>
    <Filter Include="Resource Files">
      <UniqueIdentifier>{67DA6AB6-F800-4c08-8B7A-83BB121AAD01}</UniqueIdentifier>
      <Extensions>rc;ico;cur;bmp;dlg;rc2;rct;bin;rgs;gif;jpg;jpeg;jpe;resx;tiff;tif;png;wav;mfcribbon-ms</Extensions>
    </Filter>
    <Filter Include="src">
      <UniqueIdentifier>{93995380-89BD-4b04-88EB-625FBE52EBFB}</UniqueIdentifier>
      <Extensions>h;hh;hpp;hxx;hm;inl;inc;xsd</Extensions>
    </Filter>
    <Filter Include="src\SCMJ">
      <UniqueIdentifier>{3071387a-e0d0-43d6-842f-2e38a1665934}</UniqueIdentifier>
    </Filter>
    <Filter Include="src\SCMJ\state">
      <UniqueIdentifier>{6c69e078-4952-436e-a2b8-930168fbd19c}</UniqueIdentifier>
    </Filter>
    <Filter Include="src\SCMJ\Fanxing">
      <UniqueIdentifier>{da1c0baf-d23b-498d-bb48-b4161063eb3f}</UniqueIdentifier>
    </Filter>
    <Filter Include="src\Source Files">
      <UniqueIdentifier>{4FC737F1-C7A5-4376-A066-2A32D752A2FF}</UniqueIdentifier>
      <Extensions>cpp;c;cc;cxx;def;odl;idl;hpj;bat;asm;asmx</Extensions>
    </Filter>
  </ItemGroup>
  <ItemGroup>
    <ClInclude Include="src\MJRoomManager.h">
      <Filter>src</Filter>
    </ClInclude>
    <ClInclude Include="src\MJServer.h">
      <Filter>src</Filter>
    </ClInclude>
    <ClInclude Include="src\MJPrivateRoom.h">
      <Filter>src</Filter>
    </ClInclude>
    <ClInclude Include="src\SCMJRoom.h">
      <Filter>src\SCMJ</Filter>
    </ClInclude>
    <ClInclude Include="src\SCMJRoomStateExchange3Cards.h">
      <Filter>src\SCMJ\state</Filter>
    </ClInclude>
    <ClInclude Include="src\SCMJRoomStateConfirmMiss.h">
      <Filter>src\SCMJ\state</Filter>
    </ClInclude>
    <ClInclude Include="src\SCMJPlayer.h">
      <Filter>src\SCMJ</Filter>
    </ClInclude>
    <ClInclude Include="src\SCMJPlayerCard.h">
      <Filter>src\SCMJ</Filter>
    </ClInclude>
    <ClInclude Include="src\SCMJRoomStateStartGame.h">
      <Filter>src\SCMJ\state</Filter>
    </ClInclude>
    <ClInclude Include="src\SCMJFanxingGangHouPao.h">
      <Filter>src\SCMJ\Fanxing</Filter>
    </ClInclude>
    <ClInclude Include="src\SCMJFanxingDiHu.h">
      <Filter>src\SCMJ\Fanxing</Filter>
    </ClInclude>
    <ClInclude Include="src\SCMJFanxingChecker.h">
      <Filter>src\SCMJ\Fanxing</Filter>
    </ClInclude>
    <ClInclude Include="src\SCMJFanxingZhongZhang.h">
      <Filter>src\SCMJ\Fanxing</Filter>
    </ClInclude>
    <ClInclude Include="src\SCMJFanxing19JiangDui.h">
      <Filter>src\SCMJ\Fanxing</Filter>
    </ClInclude>
    <ClInclude Include="src\SCMJFanxingGen.h">
      <Filter>src\SCMJ\Fanxing</Filter>
    </ClInclude>
    <ClInclude Include="src\SCMJRoomStateWaitPlayerAct.h">
      <Filter>src\SCMJ\state</Filter>
    </ClInclude>
  </ItemGroup>
  <ItemGroup>
    <ClCompile Include="src\main.cpp">
      <Filter>src</Filter>
    </ClCompile>
    <ClCompile Include="src\MJRoomManager.cpp">
      <Filter>src</Filter>
    </ClCompile>
    <ClCompile Include="src\MJServer.cpp">
      <Filter>src</Filter>
    </ClCompile>
    <ClCompile Include="src\MJPrivateRoom.cpp">
      <Filter>src</Filter>
    </ClCompile>
    <ClCompile Include="src\SCMJRoom.cpp">
      <Filter>src\SCMJ</Filter>
    </ClCompile>
    <ClCompile Include="src\SCMJPlayer.cpp">
      <Filter>src\SCMJ</Filter>
    </ClCompile>
    <ClCompile Include="src\SCMJPlayerCard.cpp">
      <Filter>src\SCMJ</Filter>
    </ClCompile>
  </ItemGroup>
</Project>