<?xml version="1.0" encoding="utf-8"?>
<Project ToolsVersion="4.0" xmlns="http://schemas.microsoft.com/developer/msbuild/2003">
  <ItemGroup>
    <Filter Include="src">
      <UniqueIdentifier>{4FC737F1-C7A5-4376-A066-2A32D752A2FF}</UniqueIdentifier>
      <Extensions>cpp;c;cc;cxx;def;odl;idl;hpj;bat;asm;asmx</Extensions>
    </Filter>
    <Filter Include="Common">
      <UniqueIdentifier>{4f410397-7423-480e-aa60-16fb3d675dfd}</UniqueIdentifier>
    </Filter>
    <Filter Include="src\App">
      <UniqueIdentifier>{cf27c37a-8c66-497b-bb54-dce03e04adc8}</UniqueIdentifier>
    </Filter>
    <Filter Include="src\Player">
      <UniqueIdentifier>{6c806493-f39d-4048-a829-4052863fede2}</UniqueIdentifier>
    </Filter>
    <Filter Include="Common\Config">
      <UniqueIdentifier>{fe25b9b0-e2bb-46e9-949b-66585a75b186}</UniqueIdentifier>
    </Filter>
    <Filter Include="src\Club">
      <UniqueIdentifier>{af6ee922-5082-4240-bb66-e824dfe135d1}</UniqueIdentifier>
    </Filter>
  </ItemGroup>
  <ItemGroup>
    <ClInclude Include="..\..\Common\ConfigManager.h">
      <Filter>Common\Config</Filter>
    </ClInclude>
    <ClInclude Include="..\..\Common\ShopConfg.h">
      <Filter>Common\Config</Filter>
    </ClInclude>
    <ClInclude Include="..\DataServer\src\main.h">
      <Filter>src\App</Filter>
    </ClInclude>
    <ClInclude Include="..\DataServer\src\EventCenter.h">
      <Filter>src\App</Filter>
    </ClInclude>
    <ClInclude Include="..\DataServer\src\Events.h">
      <Filter>src\App</Filter>
    </ClInclude>
    <ClInclude Include="..\DataServer\src\PlayerManager.h">
      <Filter>src\App</Filter>
    </ClInclude>
    <ClInclude Include="..\DataServer\src\Player.h">
      <Filter>src\Player</Filter>
    </ClInclude>
    <ClInclude Include="..\DataServer\src\IPlayerComponent.h">
      <Filter>src\Player</Filter>
    </ClInclude>
    <ClInclude Include="..\DataServer\src\PlayerBaseData.h">
      <Filter>src\Player</Filter>
    </ClInclude>
    <ClInclude Include="..\DataServer\src\PlayerMail.h">
      <Filter>src\Player</Filter>
    </ClInclude>
    <ClInclude Include="..\DataServer\src\PlayerGameData.h">
      <Filter>src\Player</Filter>
    </ClInclude>
    <ClInclude Include="..\DataServer\src\ShopModule.h">
      <Filter>src\App</Filter>
    </ClInclude>
    <ClInclude Include="..\DataServer\src\MailModule.h">
      <Filter>src\App</Filter>
    </ClInclude>
    <ClInclude Include="..\DataServer\src\DataServerApp.h">
      <Filter>src\App</Filter>
    </ClInclude>
    <ClInclude Include="..\DataServer\src\ClubManager.h">
      <Filter>src\App</Filter>
    </ClInclude>
    <ClInclude Include="..\DataServer\src\Club.h">
      <Filter>src\Club</Filter>
    </ClInclude>
    <ClInclude Include="..\DataServer\src\ClubMail.h">
      <Filter>src\Club</Filter>
    </ClInclude>
    <ClInclude Include="..\DataServer\src\ClubBaseData.h">
      <Filter>src\Club</Filter>
    </ClInclude>
    <ClInclude Include="..\DataServer\src\ClubGameData.h">
      <Filter>src\Club</Filter>
    </ClInclude>
    <ClInclude Include="..\DataServer\src\IClubComponent.h">
      <Filter>src\Club</Filter>
    </ClInclude>
    <ClInclude Include="..\DataServer\src\ClubDefine.h">
      <Filter>src\Club</Filter>
    </ClInclude>
  </ItemGroup>
  <ItemGroup>
    <ClCompile Include="..\..\Common\ConfigManager.cpp">
      <Filter>Common\Config</Filter>
    </ClCompile>
    <ClCompile Include="..\..\Common\ShopConfg.cpp">
      <Filter>Common\Config</Filter>
    </ClCompile>
    <ClCompile Include="..\DataServer\src\main.cpp">
      <Filter>src\App</Filter>
    </ClCompile>
    <ClCompile Include="..\DataServer\src\EventCenter.cpp">
      <Filter>src\App</Filter>
    </ClCompile>
    <ClCompile Include="..\DataServer\src\PlayerManager.cpp">
      <Filter>src\App</Filter>
    </ClCompile>
    <ClCompile Include="..\DataServer\src\Player.cpp">
      <Filter>src\Player</Filter>
    </ClCompile>
    <ClCompile Include="..\DataServer\src\IPlayerComponent.cpp">
      <Filter>src\Player</Filter>
    </ClCompile>
    <ClCompile Include="..\DataServer\src\PlayerBaseData.cpp">
      <Filter>src\Player</Filter>
    </ClCompile>
    <ClCompile Include="..\DataServer\src\PlayerMail.cpp">
      <Filter>src\Player</Filter>
    </ClCompile>
    <ClCompile Include="..\DataServer\src\PlayerGameData.cpp">
      <Filter>src\Player</Filter>
    </ClCompile>
    <ClCompile Include="..\DataServer\src\ShopModule.cpp">
      <Filter>src\App</Filter>
    </ClCompile>
    <ClCompile Include="..\DataServer\src\MailModule.cpp">
      <Filter>src\App</Filter>
    </ClCompile>
    <ClCompile Include="..\DataServer\src\DataServerApp.cpp">
      <Filter>src\App</Filter>
    </ClCompile>
    <ClCompile Include="..\DataServer\src\ClubManager.cpp">
      <Filter>src\App</Filter>
    </ClCompile>
    <ClCompile Include="..\DataServer\src\Club.cpp">
      <Filter>src\Club</Filter>
    </ClCompile>
    <ClCompile Include="..\DataServer\src\ClubMail.cpp">
      <Filter>src\Club</Filter>
    </ClCompile>
    <ClCompile Include="..\DataServer\src\ClubBaseData.cpp">
      <Filter>src\Club</Filter>
    </ClCompile>
    <ClCompile Include="..\DataServer\src\ClubGameData.cpp">
      <Filter>src\Club</Filter>
    </ClCompile>
    <ClCompile Include="..\DataServer\src\IClubComponent.cpp">
      <Filter>src\Club</Filter>
    </ClCompile>
  </ItemGroup>
  <ItemGroup>
    <None Include="ClassDiagram1.cd" />
  </ItemGroup>
</Project>