<?xml version="1.0" encoding="utf-8"?>
<Project ToolsVersion="4.0" xmlns="http://schemas.microsoft.com/developer/msbuild/2003">
  <ItemGroup>
    <Filter Include="src">
      <UniqueIdentifier>{93995380-89BD-4b04-88EB-625FBE52EBFB}</UniqueIdentifier>
      <Extensions>h;hh;hpp;hxx;hm;inl;inc;xsd</Extensions>
    </Filter>
    <Filter Include="src\Card">
      <UniqueIdentifier>{5df7c328-199b-4acf-8199-7f4a213977f3}</UniqueIdentifier>
    </Filter>
    <Filter Include="src\NiuNiu">
      <UniqueIdentifier>{4d7e0261-3885-424d-b123-79cca9ee373f}</UniqueIdentifier>
    </Filter>
    <Filter Include="src\NiuNiu\state">
      <UniqueIdentifier>{b1a36931-98d7-4dbc-90a9-e12449e271b5}</UniqueIdentifier>
    </Filter>
    <Filter Include="src\NiuNiu\state\LookCardRobotBanker">
      <UniqueIdentifier>{bedb30af-9f5f-4c09-a123-588c8d80b953}</UniqueIdentifier>
    </Filter>
    <Filter Include="src\BiJi">
      <UniqueIdentifier>{54796eff-9105-4f68-aa79-eb4eb3fd14d9}</UniqueIdentifier>
    </Filter>
    <Filter Include="src\BiJi\state">
      <UniqueIdentifier>{3a1a36f6-dd50-4fd9-9442-a217d8a1ac0e}</UniqueIdentifier>
    </Filter>
  </ItemGroup>
  <ItemGroup>
    <ClCompile Include="src\main.cpp">
      <Filter>src</Filter>
    </ClCompile>
    <ClCompile Include="src\PokerServer.cpp">
      <Filter>src</Filter>
    </ClCompile>
    <ClCompile Include="src\RoomManager.cpp">
      <Filter>src</Filter>
    </ClCompile>
    <ClCompile Include="src\NiuNiu\NiuNiuPeerCard.cpp">
      <Filter>src\NiuNiu</Filter>
    </ClCompile>
    <ClCompile Include="src\NiuNiu\NNPlayer.cpp">
      <Filter>src\NiuNiu</Filter>
    </ClCompile>
    <ClCompile Include="src\NiuNiu\NNRoom.cpp">
      <Filter>src\NiuNiu</Filter>
    </ClCompile>
    <ClCompile Include="src\NNPrivateRoom.cpp">
      <Filter>src\NiuNiu</Filter>
    </ClCompile>
    <ClCompile Include="src\CardPoker.cpp">
      <Filter>src\Card</Filter>
    </ClCompile>
    <ClCompile Include="src\BiJi\BJPlayerCard.cpp">
      <Filter>src\BiJi</Filter>
    </ClCompile>
    <ClCompile Include="src\BiJi\BJPlayer.cpp">
      <Filter>src\BiJi</Filter>
    </ClCompile>
    <ClCompile Include="src\BiJi\BJRoom.cpp">
      <Filter>src\BiJi</Filter>
    </ClCompile>
    <ClCompile Include="src\BiJi\BJPrivateRoom.cpp">
      <Filter>src\BiJi</Filter>
    </ClCompile>
  </ItemGroup>
  <ItemGroup>
    <ClInclude Include="src\PokerServer.h">
      <Filter>src</Filter>
    </ClInclude>
    <ClInclude Include="src\RoomManager.h">
      <Filter>src</Filter>
    </ClInclude>
    <ClInclude Include="src\NiuNiu\NiuNiuPeerCard.h">
      <Filter>src\NiuNiu</Filter>
    </ClInclude>
    <ClInclude Include="src\NiuNiu\NNPlayer.h">
      <Filter>src\NiuNiu</Filter>
    </ClInclude>
    <ClInclude Include="src\NiuNiu\NNRoom.h">
      <Filter>src\NiuNiu</Filter>
    </ClInclude>
    <ClInclude Include="src\NNPrivateRoom.h">
      <Filter>src\NiuNiu</Filter>
    </ClInclude>
    <ClInclude Include="src\NiuNiu\NNRoomStateWaitReady.h">
      <Filter>src\NiuNiu\state</Filter>
    </ClInclude>
    <ClInclude Include="src\NiuNiu\NNRoomStateStartGame.h">
      <Filter>src\NiuNiu\state</Filter>
    </ClInclude>
    <ClInclude Include="src\NiuNiu\NNRoomStateDecideBanker.h">
      <Filter>src\NiuNiu\state</Filter>
    </ClInclude>
    <ClInclude Include="src\NiuNiu\NNRoomStateBet.h">
      <Filter>src\NiuNiu\state</Filter>
    </ClInclude>
    <ClInclude Include="src\NiuNiu\NNRoomStateDistributeCard.h">
      <Filter>src\NiuNiu\state</Filter>
    </ClInclude>
    <ClInclude Include="src\NiuNiu\NNRoomStateGameEnd.h">
      <Filter>src\NiuNiu\state</Filter>
    </ClInclude>
    <ClInclude Include="src\NiuNiu\NNRoomPlayerCaculateNiu.h">
      <Filter>src\NiuNiu\state</Filter>
    </ClInclude>
    <ClInclude Include="src\CardPoker.h">
      <Filter>src\Card</Filter>
    </ClInclude>
    <ClInclude Include="src\IPeerCard.h">
      <Filter>src\Card</Filter>
    </ClInclude>
    <ClInclude Include="src\NiuNiu\NNRoomStateLRBStartGame.h">
      <Filter>src\NiuNiu\state\LookCardRobotBanker</Filter>
    </ClInclude>
    <ClInclude Include="src\NiuNiu\NNRoomStateLRBRobotBanker.h">
      <Filter>src\NiuNiu\state\LookCardRobotBanker</Filter>
    </ClInclude>
    <ClInclude Include="src\NiuNiu\NNRoomStateLRBDistributeFinalCard.h">
      <Filter>src\NiuNiu\state\LookCardRobotBanker</Filter>
    </ClInclude>
    <ClInclude Include="src\NiuNiu\NNRoomStateLRBDistributeFristCard.h">
      <Filter>src\NiuNiu\state\LookCardRobotBanker</Filter>
    </ClInclude>
    <ClInclude Include="src\NiuNiu\NiuNiuPlayerRecorder.h">
      <Filter>src\NiuNiu</Filter>
    </ClInclude>
    <ClInclude Include="src\BiJi\BJPlayerCard.h">
      <Filter>src\BiJi</Filter>
    </ClInclude>
    <ClInclude Include="src\BiJi\BJPlayer.h">
      <Filter>src\BiJi</Filter>
    </ClInclude>
    <ClInclude Include="src\BiJi\BJRoom.h">
      <Filter>src\BiJi</Filter>
    </ClInclude>
    <ClInclude Include="src\BiJi\BJPrivateRoom.h">
      <Filter>src\BiJi</Filter>
    </ClInclude>
    <ClInclude Include="src\BiJi\BJRoomStateStartGame.h">
      <Filter>src\BiJi\state</Filter>
    </ClInclude>
    <ClInclude Include="src\BiJi\BJRoomStateWaitPlayerReady.h">
      <Filter>src\BiJi\state</Filter>
    </ClInclude>
    <ClInclude Include="src\BiJi\BJRoomStateMakeGroupCard.h">
      <Filter>src\BiJi\state</Filter>
    </ClInclude>
    <ClInclude Include="src\BiJi\BJRoomStateGameEnd.h">
      <Filter>src\BiJi\state</Filter>
    </ClInclude>
    <ClInclude Include="src\BiJi\BJCardTypeChecker.h">
      <Filter>src\BiJi</Filter>
    </ClInclude>
    <ClInclude Include="src\BiJi\BJDefine.h">
      <Filter>src\BiJi</Filter>
    </ClInclude>
    <ClInclude Include="src\BiJi\BJXiPaiChecker.h">
      <Filter>src\BiJi</Filter>
    </ClInclude>
  </ItemGroup>
</Project>