
Microsoft Visual Studio Solution File, Format Version 12.00
# Blend for Visual Studio 14
VisualStudioVersion = 14.0.25420.1
MinimumVisualStudioVersion = 10.0.40219.1
Project("{8BC9CEB8-8B4A-11D0-8D11-00A0C91BC942}") = "DBServer", "DBServer\DBServer.vcxproj", "{8EAD9B5E-CCFE-4137-91D8-69EC4871F11F}"
	ProjectSection(ProjectDependencies) = postProject
		{1021C400-E90B-4985-982D-DF9DB555F336} = {1021C400-E90B-4985-982D-DF9DB555F336}
		{3BF0757D-C2EE-47D6-B251-D7B71C08D599} = {3BF0757D-C2EE-47D6-B251-D7B71C08D599}
	EndProjectSection
EndProject
Project("{8BC9CEB8-8B4A-11D0-8D11-00A0C91BC942}") = "GateServer", "GateServer\GateServer.vcxproj", "{190DB7F4-FC62-4B2C-B9E0-D7694213E156}"
	ProjectSection(ProjectDependencies) = postProject
		{1021C400-E90B-4985-982D-DF9DB555F336} = {1021C400-E90B-4985-982D-DF9DB555F336}
		{3BF0757D-C2EE-47D6-B251-D7B71C08D599} = {3BF0757D-C2EE-47D6-B251-D7B71C08D599}
	EndProjectSection
EndProject
Project("{8BC9CEB8-8B4A-11D0-8D11-00A0C91BC942}") = "DataServer", "GameServer\GameServer.vcxproj", "{61A7DB25-7A43-44E9-A75D-FDD674D0E138}"
	ProjectSection(ProjectDependencies) = postProject
		{1021C400-E90B-4985-982D-DF9DB555F336} = {1021C400-E90B-4985-982D-DF9DB555F336}
		{3BF0757D-C2EE-47D6-B251-D7B71C08D599} = {3BF0757D-C2EE-47D6-B251-D7B71C08D599}
	EndProjectSection
EndProject
Project("{8BC9CEB8-8B4A-11D0-8D11-00A0C91BC942}") = "VerifyServer", "VerifyServer\VerifyServer.vcxproj", "{5D591419-420C-46EA-B153-DD5A426FA989}"
	ProjectSection(ProjectDependencies) = postProject
		{1021C400-E90B-4985-982D-DF9DB555F336} = {1021C400-E90B-4985-982D-DF9DB555F336}
		{3BF0757D-C2EE-47D6-B251-D7B71C08D599} = {3BF0757D-C2EE-47D6-B251-D7B71C08D599}
	EndProjectSection
EndProject
Project("{8BC9CEB8-8B4A-11D0-8D11-00A0C91BC942}") = "LogServer", "LogServer\LogServer.vcxproj", "{BD2F369E-6492-4061-A06D-5877E9DADBE2}"
	ProjectSection(ProjectDependencies) = postProject
		{1021C400-E90B-4985-982D-DF9DB555F336} = {1021C400-E90B-4985-982D-DF9DB555F336}
		{3BF0757D-C2EE-47D6-B251-D7B71C08D599} = {3BF0757D-C2EE-47D6-B251-D7B71C08D599}
	EndProjectSection
EndProject
Project("{8BC9CEB8-8B4A-11D0-8D11-00A0C91BC942}") = "NetworkUtility", "NetworkUtility\NetworkUtility.vcxproj", "{3BF0757D-C2EE-47D6-B251-D7B71C08D599}"
EndProject
Project("{8BC9CEB8-8B4A-11D0-8D11-00A0C91BC942}") = "CenterServer", "CenterServer\CenterServer.vcxproj", "{B48CE06E-A341-4E61-9468-EF821196794E}"
	ProjectSection(ProjectDependencies) = postProject
		{1021C400-E90B-4985-982D-DF9DB555F336} = {1021C400-E90B-4985-982D-DF9DB555F336}
		{3BF0757D-C2EE-47D6-B251-D7B71C08D599} = {3BF0757D-C2EE-47D6-B251-D7B71C08D599}
	EndProjectSection
EndProject
Project("{8BC9CEB8-8B4A-11D0-8D11-00A0C91BC942}") = "ServerCommon", "ServerCommon\ServerCommon.vcxproj", "{1021C400-E90B-4985-982D-DF9DB555F336}"
EndProject
Project("{8BC9CEB8-8B4A-11D0-8D11-00A0C91BC942}") = "GameCommon", "GameCommon\GameCommon.vcxproj", "{0C1CC656-13EF-4195-8FF4-A0DC0D28DBE9}"
EndProject
Project("{8BC9CEB8-8B4A-11D0-8D11-00A0C91BC942}") = "GBiJiServer", "GBiJiServer\BJServer.vcxproj", "{B3A5F4ED-2980-4BC2-A4A9-FF748C19C4C1}"
	ProjectSection(ProjectDependencies) = postProject
		{1021C400-E90B-4985-982D-DF9DB555F336} = {1021C400-E90B-4985-982D-DF9DB555F336}
		{0C1CC656-13EF-4195-8FF4-A0DC0D28DBE9} = {0C1CC656-13EF-4195-8FF4-A0DC0D28DBE9}
		{3BF0757D-C2EE-47D6-B251-D7B71C08D599} = {3BF0757D-C2EE-47D6-B251-D7B71C08D599}
	EndProjectSection
EndProject
Project("{8BC9CEB8-8B4A-11D0-8D11-00A0C91BC942}") = "GNiuNiuServer", "GNiuNiuServer\GNiuNiuServer.vcxproj", "{A9F9686A-C6EE-4885-957A-B930619B7371}"
	ProjectSection(ProjectDependencies) = postProject
		{1021C400-E90B-4985-982D-DF9DB555F336} = {1021C400-E90B-4985-982D-DF9DB555F336}
		{0C1CC656-13EF-4195-8FF4-A0DC0D28DBE9} = {0C1CC656-13EF-4195-8FF4-A0DC0D28DBE9}
		{3BF0757D-C2EE-47D6-B251-D7B71C08D599} = {3BF0757D-C2EE-47D6-B251-D7B71C08D599}
	EndProjectSection
EndProject
Project("{8BC9CEB8-8B4A-11D0-8D11-00A0C91BC942}") = "GMaJiangServer", "GMaJiangServer\GMaJiangServer.vcxproj", "{5AC88CEF-63E2-4998-A690-25ED685B562C}"
	ProjectSection(ProjectDependencies) = postProject
		{1021C400-E90B-4985-982D-DF9DB555F336} = {1021C400-E90B-4985-982D-DF9DB555F336}
		{0C1CC656-13EF-4195-8FF4-A0DC0D28DBE9} = {0C1CC656-13EF-4195-8FF4-A0DC0D28DBE9}
		{3BF0757D-C2EE-47D6-B251-D7B71C08D599} = {3BF0757D-C2EE-47D6-B251-D7B71C08D599}
	EndProjectSection
EndProject
Project("{8BC9CEB8-8B4A-11D0-8D11-00A0C91BC942}") = "GDouDiZhuServer", "GDouDiZhuServer\GDouDiZhuServer.vcxproj", "{0C36CA6A-517A-455D-BC59-0269B1083615}"
	ProjectSection(ProjectDependencies) = postProject
		{1021C400-E90B-4985-982D-DF9DB555F336} = {1021C400-E90B-4985-982D-DF9DB555F336}
		{0C1CC656-13EF-4195-8FF4-A0DC0D28DBE9} = {0C1CC656-13EF-4195-8FF4-A0DC0D28DBE9}
		{3BF0757D-C2EE-47D6-B251-D7B71C08D599} = {3BF0757D-C2EE-47D6-B251-D7B71C08D599}
	EndProjectSection
EndProject
Project("{8BC9CEB8-8B4A-11D0-8D11-00A0C91BC942}") = "GGoldenServer", "GGoldenServer\GGoldenServer.vcxproj", "{9D44204B-AA90-4582-BC97-FCBEF32F5634}"
	ProjectSection(ProjectDependencies) = postProject
		{1021C400-E90B-4985-982D-DF9DB555F336} = {1021C400-E90B-4985-982D-DF9DB555F336}
		{0C1CC656-13EF-4195-8FF4-A0DC0D28DBE9} = {0C1CC656-13EF-4195-8FF4-A0DC0D28DBE9}
		{3BF0757D-C2EE-47D6-B251-D7B71C08D599} = {3BF0757D-C2EE-47D6-B251-D7B71C08D599}
	EndProjectSection
EndProject
Project("{8BC9CEB8-8B4A-11D0-8D11-00A0C91BC942}") = "GSCMaJiangServer", "GSCMaJiangServer\GSCMaJiangServer.vcxproj", "{E0B75843-96E1-47A1-846A-891ACB9E2C18}"
EndProject
Project("{8BC9CEB8-8B4A-11D0-8D11-00A0C91BC942}") = "GMQMaJiangServer", "GMQMaJiangServer\GMQMaJiangServer.vcxproj", "{06341214-0894-490E-A60D-5236D7660381}"
EndProject
Project("{8BC9CEB8-8B4A-11D0-8D11-00A0C91BC942}") = "GLuoMaJiangServer", "GLuoMaJiangServer\GLuoMaJiangServer.vcxproj", "{CA127800-2E8A-4917-85CB-290419A30ACE}"
EndProject
Project("{8BC9CEB8-8B4A-11D0-8D11-00A0C91BC942}") = "GFXMaJiangServer", "GFXMaJiangServer\GFXMaJiangServer.vcxproj", "{3AE630A3-BF60-4605-BC24-1132A181F9A4}"
EndProject
Project("{8BC9CEB8-8B4A-11D0-8D11-00A0C91BC942}") = "GCFMaJiangServer", "GCFMaJiangServer\GCFMaJiangServer.vcxproj", "{87A07E6E-1D8E-4094-9774-56635F4A6988}"
EndProject
Project("{8BC9CEB8-8B4A-11D0-8D11-00A0C91BC942}") = "GAHMaJiangServer", "GAHMaJiangServer\GAHMaJiangServer.vcxproj", "{757B55D5-0A22-43DB-9FDA-BF2BFB792A5D}"
EndProject
Project("{8BC9CEB8-8B4A-11D0-8D11-00A0C91BC942}") = "GNCMaJiangServer", "GNCMaJiangServer\GNCMaJiangServer.vcxproj", "{86399B77-D258-45E6-B942-331D84FDF4CD}"
EndProject
Project("{8BC9CEB8-8B4A-11D0-8D11-00A0C91BC942}") = "GDDMaJiangServer", "GDDJiangServer\GDDMaJiangServer.vcxproj", "{EC1A90D2-0AB2-4BE3-AC53-FE3D2BBA798C}"
EndProject
Project("{8BC9CEB8-8B4A-11D0-8D11-00A0C91BC942}") = "GSZMaJiangServer", "GSZMaJiangServer\GSZMaJiangServer.vcxproj", "{2E6CE571-04C0-46E3-906E-49E21403C150}"
EndProject
Project("{8BC9CEB8-8B4A-11D0-8D11-00A0C91BC942}") = "GSDMaJiangServer", "GSDMaJiangServer\GSDMaJiangServer.vcxproj", "{025818F1-6D37-4AE8-B7BB-5BBB3541679F}"
EndProject
Project("{8BC9CEB8-8B4A-11D0-8D11-00A0C91BC942}") = "GYZMaJiangServer", "GYZMaJiangServer\GYZMaJiangServer.vcxproj", "{3362478A-0305-4388-83AB-B0AA3C0E6643}"
EndProject
Project("{8BC9CEB8-8B4A-11D0-8D11-00A0C91BC942}") = "GNJMaJiangServer", "GNJMaJiangServer\GNJMaJiangServer.vcxproj", "{FF42BE85-08B1-4580-881B-56278E9C8446}"
EndProject
Global
	GlobalSection(SolutionConfigurationPlatforms) = preSolution
		Debug|Win32 = Debug|Win32
		Release|Win32 = Release|Win32
	EndGlobalSection
	GlobalSection(ProjectConfigurationPlatforms) = postSolution
		{8EAD9B5E-CCFE-4137-91D8-69EC4871F11F}.Debug|Win32.ActiveCfg = Debug|Win32
		{8EAD9B5E-CCFE-4137-91D8-69EC4871F11F}.Debug|Win32.Build.0 = Debug|Win32
		{8EAD9B5E-CCFE-4137-91D8-69EC4871F11F}.Release|Win32.ActiveCfg = Release|Win32
		{8EAD9B5E-CCFE-4137-91D8-69EC4871F11F}.Release|Win32.Build.0 = Release|Win32
		{190DB7F4-FC62-4B2C-B9E0-D7694213E156}.Debug|Win32.ActiveCfg = Debug|Win32
		{190DB7F4-FC62-4B2C-B9E0-D7694213E156}.Debug|Win32.Build.0 = Debug|Win32
		{190DB7F4-FC62-4B2C-B9E0-D7694213E156}.Release|Win32.ActiveCfg = Release|Win32
		{190DB7F4-FC62-4B2C-B9E0-D7694213E156}.Release|Win32.Build.0 = Release|Win32
		{61A7DB25-7A43-44E9-A75D-FDD674D0E138}.Debug|Win32.ActiveCfg = Debug|Win32
		{61A7DB25-7A43-44E9-A75D-FDD674D0E138}.Debug|Win32.Build.0 = Debug|Win32
		{61A7DB25-7A43-44E9-A75D-FDD674D0E138}.Release|Win32.ActiveCfg = Release|Win32
		{61A7DB25-7A43-44E9-A75D-FDD674D0E138}.Release|Win32.Build.0 = Release|Win32
		{5D591419-420C-46EA-B153-DD5A426FA989}.Debug|Win32.ActiveCfg = Debug|Win32
		{5D591419-420C-46EA-B153-DD5A426FA989}.Debug|Win32.Build.0 = Debug|Win32
		{5D591419-420C-46EA-B153-DD5A426FA989}.Release|Win32.ActiveCfg = Release|Win32
		{5D591419-420C-46EA-B153-DD5A426FA989}.Release|Win32.Build.0 = Release|Win32
		{BD2F369E-6492-4061-A06D-5877E9DADBE2}.Debug|Win32.ActiveCfg = Debug|Win32
		{BD2F369E-6492-4061-A06D-5877E9DADBE2}.Debug|Win32.Build.0 = Debug|Win32
		{BD2F369E-6492-4061-A06D-5877E9DADBE2}.Release|Win32.ActiveCfg = Release|Win32
		{BD2F369E-6492-4061-A06D-5877E9DADBE2}.Release|Win32.Build.0 = Release|Win32
		{3BF0757D-C2EE-47D6-B251-D7B71C08D599}.Debug|Win32.ActiveCfg = Debug|Win32
		{3BF0757D-C2EE-47D6-B251-D7B71C08D599}.Debug|Win32.Build.0 = Debug|Win32
		{3BF0757D-C2EE-47D6-B251-D7B71C08D599}.Release|Win32.ActiveCfg = Release|Win32
		{3BF0757D-C2EE-47D6-B251-D7B71C08D599}.Release|Win32.Build.0 = Release|Win32
		{B48CE06E-A341-4E61-9468-EF821196794E}.Debug|Win32.ActiveCfg = Debug|Win32
		{B48CE06E-A341-4E61-9468-EF821196794E}.Debug|Win32.Build.0 = Debug|Win32
		{B48CE06E-A341-4E61-9468-EF821196794E}.Release|Win32.ActiveCfg = Release|Win32
		{B48CE06E-A341-4E61-9468-EF821196794E}.Release|Win32.Build.0 = Release|Win32
		{1021C400-E90B-4985-982D-DF9DB555F336}.Debug|Win32.ActiveCfg = Debug|Win32
		{1021C400-E90B-4985-982D-DF9DB555F336}.Debug|Win32.Build.0 = Debug|Win32
		{1021C400-E90B-4985-982D-DF9DB555F336}.Release|Win32.ActiveCfg = Release|Win32
		{1021C400-E90B-4985-982D-DF9DB555F336}.Release|Win32.Build.0 = Release|Win32
		{0C1CC656-13EF-4195-8FF4-A0DC0D28DBE9}.Debug|Win32.ActiveCfg = Debug|Win32
		{0C1CC656-13EF-4195-8FF4-A0DC0D28DBE9}.Debug|Win32.Build.0 = Debug|Win32
		{0C1CC656-13EF-4195-8FF4-A0DC0D28DBE9}.Release|Win32.ActiveCfg = Release|Win32
		{0C1CC656-13EF-4195-8FF4-A0DC0D28DBE9}.Release|Win32.Build.0 = Release|Win32
		{B3A5F4ED-2980-4BC2-A4A9-FF748C19C4C1}.Debug|Win32.ActiveCfg = Debug|Win32
		{B3A5F4ED-2980-4BC2-A4A9-FF748C19C4C1}.Debug|Win32.Build.0 = Debug|Win32
		{B3A5F4ED-2980-4BC2-A4A9-FF748C19C4C1}.Release|Win32.ActiveCfg = Release|Win32
		{B3A5F4ED-2980-4BC2-A4A9-FF748C19C4C1}.Release|Win32.Build.0 = Release|Win32
		{A9F9686A-C6EE-4885-957A-B930619B7371}.Debug|Win32.ActiveCfg = Debug|Win32
		{A9F9686A-C6EE-4885-957A-B930619B7371}.Debug|Win32.Build.0 = Debug|Win32
		{A9F9686A-C6EE-4885-957A-B930619B7371}.Release|Win32.ActiveCfg = Release|Win32
		{A9F9686A-C6EE-4885-957A-B930619B7371}.Release|Win32.Build.0 = Release|Win32
		{5AC88CEF-63E2-4998-A690-25ED685B562C}.Debug|Win32.ActiveCfg = Debug|Win32
		{5AC88CEF-63E2-4998-A690-25ED685B562C}.Debug|Win32.Build.0 = Debug|Win32
		{5AC88CEF-63E2-4998-A690-25ED685B562C}.Release|Win32.ActiveCfg = Release|Win32
		{5AC88CEF-63E2-4998-A690-25ED685B562C}.Release|Win32.Build.0 = Release|Win32
		{0C36CA6A-517A-455D-BC59-0269B1083615}.Debug|Win32.ActiveCfg = Debug|Win32
		{0C36CA6A-517A-455D-BC59-0269B1083615}.Debug|Win32.Build.0 = Debug|Win32
		{0C36CA6A-517A-455D-BC59-0269B1083615}.Release|Win32.ActiveCfg = Release|Win32
		{0C36CA6A-517A-455D-BC59-0269B1083615}.Release|Win32.Build.0 = Release|Win32
		{9D44204B-AA90-4582-BC97-FCBEF32F5634}.Debug|Win32.ActiveCfg = Debug|Win32
		{9D44204B-AA90-4582-BC97-FCBEF32F5634}.Debug|Win32.Build.0 = Debug|Win32
		{9D44204B-AA90-4582-BC97-FCBEF32F5634}.Release|Win32.ActiveCfg = Release|Win32
		{9D44204B-AA90-4582-BC97-FCBEF32F5634}.Release|Win32.Build.0 = Release|Win32
		{E0B75843-96E1-47A1-846A-891ACB9E2C18}.Debug|Win32.ActiveCfg = Debug|Win32
		{E0B75843-96E1-47A1-846A-891ACB9E2C18}.Debug|Win32.Build.0 = Debug|Win32
		{E0B75843-96E1-47A1-846A-891ACB9E2C18}.Release|Win32.ActiveCfg = Release|Win32
		{E0B75843-96E1-47A1-846A-891ACB9E2C18}.Release|Win32.Build.0 = Release|Win32
		{06341214-0894-490E-A60D-5236D7660381}.Debug|Win32.ActiveCfg = Debug|Win32
		{06341214-0894-490E-A60D-5236D7660381}.Debug|Win32.Build.0 = Debug|Win32
		{06341214-0894-490E-A60D-5236D7660381}.Release|Win32.ActiveCfg = Release|Win32
		{06341214-0894-490E-A60D-5236D7660381}.Release|Win32.Build.0 = Release|Win32
		{CA127800-2E8A-4917-85CB-290419A30ACE}.Debug|Win32.ActiveCfg = Debug|Win32
		{CA127800-2E8A-4917-85CB-290419A30ACE}.Debug|Win32.Build.0 = Debug|Win32
		{CA127800-2E8A-4917-85CB-290419A30ACE}.Release|Win32.ActiveCfg = Release|Win32
		{CA127800-2E8A-4917-85CB-290419A30ACE}.Release|Win32.Build.0 = Release|Win32
		{3AE630A3-BF60-4605-BC24-1132A181F9A4}.Debug|Win32.ActiveCfg = Debug|Win32
		{3AE630A3-BF60-4605-BC24-1132A181F9A4}.Debug|Win32.Build.0 = Debug|Win32
		{3AE630A3-BF60-4605-BC24-1132A181F9A4}.Release|Win32.ActiveCfg = Release|Win32
		{3AE630A3-BF60-4605-BC24-1132A181F9A4}.Release|Win32.Build.0 = Release|Win32
		{87A07E6E-1D8E-4094-9774-56635F4A6988}.Debug|Win32.ActiveCfg = Debug|Win32
		{87A07E6E-1D8E-4094-9774-56635F4A6988}.Debug|Win32.Build.0 = Debug|Win32
		{87A07E6E-1D8E-4094-9774-56635F4A6988}.Release|Win32.ActiveCfg = Release|Win32
		{87A07E6E-1D8E-4094-9774-56635F4A6988}.Release|Win32.Build.0 = Release|Win32
		{757B55D5-0A22-43DB-9FDA-BF2BFB792A5D}.Debug|Win32.ActiveCfg = Debug|Win32
		{757B55D5-0A22-43DB-9FDA-BF2BFB792A5D}.Debug|Win32.Build.0 = Debug|Win32
		{757B55D5-0A22-43DB-9FDA-BF2BFB792A5D}.Release|Win32.ActiveCfg = Release|Win32
		{757B55D5-0A22-43DB-9FDA-BF2BFB792A5D}.Release|Win32.Build.0 = Release|Win32
		{86399B77-D258-45E6-B942-331D84FDF4CD}.Debug|Win32.ActiveCfg = Debug|Win32
		{86399B77-D258-45E6-B942-331D84FDF4CD}.Debug|Win32.Build.0 = Debug|Win32
		{86399B77-D258-45E6-B942-331D84FDF4CD}.Release|Win32.ActiveCfg = Release|Win32
		{86399B77-D258-45E6-B942-331D84FDF4CD}.Release|Win32.Build.0 = Release|Win32
		{EC1A90D2-0AB2-4BE3-AC53-FE3D2BBA798C}.Debug|Win32.ActiveCfg = Debug|Win32
		{EC1A90D2-0AB2-4BE3-AC53-FE3D2BBA798C}.Debug|Win32.Build.0 = Debug|Win32
		{EC1A90D2-0AB2-4BE3-AC53-FE3D2BBA798C}.Release|Win32.ActiveCfg = Release|Win32
		{EC1A90D2-0AB2-4BE3-AC53-FE3D2BBA798C}.Release|Win32.Build.0 = Release|Win32
		{2E6CE571-04C0-46E3-906E-49E21403C150}.Debug|Win32.ActiveCfg = Debug|Win32
		{2E6CE571-04C0-46E3-906E-49E21403C150}.Debug|Win32.Build.0 = Debug|Win32
		{2E6CE571-04C0-46E3-906E-49E21403C150}.Release|Win32.ActiveCfg = Release|Win32
		{2E6CE571-04C0-46E3-906E-49E21403C150}.Release|Win32.Build.0 = Release|Win32
		{025818F1-6D37-4AE8-B7BB-5BBB3541679F}.Debug|Win32.ActiveCfg = Debug|Win32
		{025818F1-6D37-4AE8-B7BB-5BBB3541679F}.Debug|Win32.Build.0 = Debug|Win32
		{025818F1-6D37-4AE8-B7BB-5BBB3541679F}.Release|Win32.ActiveCfg = Release|Win32
		{025818F1-6D37-4AE8-B7BB-5BBB3541679F}.Release|Win32.Build.0 = Release|Win32
		{3362478A-0305-4388-83AB-B0AA3C0E6643}.Debug|Win32.ActiveCfg = Debug|Win32
		{3362478A-0305-4388-83AB-B0AA3C0E6643}.Debug|Win32.Build.0 = Debug|Win32
		{3362478A-0305-4388-83AB-B0AA3C0E6643}.Release|Win32.ActiveCfg = Release|Win32
		{3362478A-0305-4388-83AB-B0AA3C0E6643}.Release|Win32.Build.0 = Release|Win32
		{FF42BE85-08B1-4580-881B-56278E9C8446}.Debug|Win32.ActiveCfg = Debug|Win32
		{FF42BE85-08B1-4580-881B-56278E9C8446}.Debug|Win32.Build.0 = Debug|Win32
		{FF42BE85-08B1-4580-881B-56278E9C8446}.Release|Win32.ActiveCfg = Release|Win32
		{FF42BE85-08B1-4580-881B-56278E9C8446}.Release|Win32.Build.0 = Release|Win32
	EndGlobalSection
	GlobalSection(SolutionProperties) = preSolution
		HideSolutionNode = FALSE
	EndGlobalSection
EndGlobal
